
Microsoft Visual Studio Solution File, Format Version 12.00
# Visual Studio Version 17
VisualStudioVersion = 17.5.002.0
MinimumVisualStudioVersion = 10.0.40219.1
Project("{2150E333-8FDC-42A3-9474-1A3956D46DE8}") = "c#", "c#", "{438C6217-3EB5-457C-BFF6-2407AE013127}"
EndProject
Project("{9A19103F-16F7-4668-BE54-9A1E7A4F7556}") = "hello", "c#\hello\hello.csproj", "{EB5A6E20-D895-4D29-9ABB-CB9718F21AF3}"
EndProject
Project("{9A19103F-16F7-4668-BE54-9A1E7A4F7556}") = "monitor", "c#\monitor\monitor.csproj", "{49755500-DF3F-4241-BAF8-5254B9180EAA}"
EndProject
Project("{9A19103F-16F7-4668-BE54-9A1E7A4F7556}") = "sort", "c#\sort\sort.csproj", "{042A1E3B-79FA-4CC0-85C2-1A9C23F53E20}"
EndProject
Project("{9A19103F-16F7-4668-BE54-9A1E7A4F7556}") = "thread_pool", "c#\thread_pool\thread_pool.csproj", "{F5E0CDB8-DFFD-40FE-A243-B6C906D35C7A}"
EndProject
Global
	GlobalSection(SolutionConfigurationPlatforms) = preSolution
		Debug|Any CPU = Debug|Any CPU
		Release|Any CPU = Release|Any CPU
	EndGlobalSection
	GlobalSection(ProjectConfigurationPlatforms) = postSolution
		{EB5A6E20-D895-4D29-9ABB-CB9718F21AF3}.Debug|Any CPU.ActiveCfg = Debug|Any CPU
		{EB5A6E20-D895-4D29-9ABB-CB9718F21AF3}.Debug|Any CPU.Build.0 = Debug|Any CPU
		{EB5A6E20-D895-4D29-9ABB-CB9718F21AF3}.Release|Any CPU.ActiveCfg = Release|Any CPU
		{EB5A6E20-D895-4D29-9ABB-CB9718F21AF3}.Release|Any CPU.Build.0 = Release|Any CPU
		{49755500-DF3F-4241-BAF8-5254B9180EAA}.Debug|Any CPU.ActiveCfg = Debug|Any CPU
		{49755500-DF3F-4241-BAF8-5254B9180EAA}.Debug|Any CPU.Build.0 = Debug|Any CPU
		{49755500-DF3F-4241-BAF8-5254B9180EAA}.Release|Any CPU.ActiveCfg = Release|Any CPU
		{49755500-DF3F-4241-BAF8-5254B9180EAA}.Release|Any CPU.Build.0 = Release|Any CPU
		{042A1E3B-79FA-4CC0-85C2-1A9C23F53E20}.Debug|Any CPU.ActiveCfg = Debug|Any CPU
		{042A1E3B-79FA-4CC0-85C2-1A9C23F53E20}.Debug|Any CPU.Build.0 = Debug|Any CPU
		{042A1E3B-79FA-4CC0-85C2-1A9C23F53E20}.Release|Any CPU.ActiveCfg = Release|Any CPU
		{042A1E3B-79FA-4CC0-85C2-1A9C23F53E20}.Release|Any CPU.Build.0 = Release|Any CPU
		{F5E0CDB8-DFFD-40FE-A243-B6C906D35C7A}.Debug|Any CPU.ActiveCfg = Debug|Any CPU
		{F5E0CDB8-DFFD-40FE-A243-B6C906D35C7A}.Debug|Any CPU.Build.0 = Debug|Any CPU
		{F5E0CDB8-DFFD-40FE-A243-B6C906D35C7A}.Release|Any CPU.ActiveCfg = Release|Any CPU
		{F5E0CDB8-DFFD-40FE-A243-B6C906D35C7A}.Release|Any CPU.Build.0 = Release|Any CPU
	EndGlobalSection
	GlobalSection(SolutionProperties) = preSolution
		HideSolutionNode = FALSE
	EndGlobalSection
	GlobalSection(NestedProjects) = preSolution
		{EB5A6E20-D895-4D29-9ABB-CB9718F21AF3} = {438C6217-3EB5-457C-BFF6-2407AE013127}
		{49755500-DF3F-4241-BAF8-5254B9180EAA} = {438C6217-3EB5-457C-BFF6-2407AE013127}
		{042A1E3B-79FA-4CC0-85C2-1A9C23F53E20} = {438C6217-3EB5-457C-BFF6-2407AE013127}
		{F5E0CDB8-DFFD-40FE-A243-B6C906D35C7A} = {438C6217-3EB5-457C-BFF6-2407AE013127}
	EndGlobalSection
	GlobalSection(ExtensibilityGlobals) = postSolution
		SolutionGuid = {6D1E89A4-B6D3-466C-9176-C365C28F274F}
	EndGlobalSection
EndGlobal
