
Microsoft Visual Studio Solution File, Format Version 12.00
# Visual Studio Version 17
VisualStudioVersion = 17.5.33627.172
MinimumVisualStudioVersion = 10.0.40219.1
Project("{FAE04EC0-301F-11D3-BF4B-00C04F79EFBC}") = "FileExplorer", "FileExplorer\FileExplorer.csproj", "{8EF379D5-2A4E-4211-952E-0EF9653C9F07}"
EndProject
Global
	GlobalSection(SolutionConfigurationPlatforms) = preSolution
		Debug|Any CPU = Debug|Any CPU
		Release|Any CPU = Release|Any CPU
	EndGlobalSection
	GlobalSection(ProjectConfigurationPlatforms) = postSolution
		{8EF379D5-2A4E-4211-952E-0EF9653C9F07}.Debug|Any CPU.ActiveCfg = Debug|Any CPU
		{8EF379D5-2A4E-4211-952E-0EF9653C9F07}.Debug|Any CPU.Build.0 = Debug|Any CPU
		{8EF379D5-2A4E-4211-952E-0EF9653C9F07}.Release|Any CPU.ActiveCfg = Release|Any CPU
		{8EF379D5-2A4E-4211-952E-0EF9653C9F07}.Release|Any CPU.Build.0 = Release|Any CPU
	EndGlobalSection
	GlobalSection(SolutionProperties) = preSolution
		HideSolutionNode = FALSE
	EndGlobalSection
	GlobalSection(ExtensibilityGlobals) = postSolution
		SolutionGuid = {A21EEB2C-B3D3-481C-8CEA-5D272649CE86}
	EndGlobalSection
EndGlobal
